
Microsoft Visual Studio Solution File, Format Version 12.00
# Visual Studio 14
VisualStudioVersion = 14.0.25420.1
MinimumVisualStudioVersion = 10.0.40219.1
Project("{FAE04EC0-301F-11D3-BF4B-00C04F79EFBC}") = "IntroductionProjectConsole", "IntroductionProject\IntroductionProjectConsole.csproj", "{CE2103A9-79BD-4BDC-B4A8-DF6DEC5EB185}"
EndProject
Project("{FAE04EC0-301F-11D3-BF4B-00C04F79EFBC}") = "IntroductionProjectLibrary", "IntroductionProjectLibrary\IntroductionProjectLibrary.csproj", "{42B51811-5C2C-4AFB-8183-1433DF13E247}"
EndProject
Project("{FAE04EC0-301F-11D3-BF4B-00C04F79EFBC}") = "IntroductionProjectTests", "IntroductionProjectTests\IntroductionProjectTests.csproj", "{6C339907-14C6-4B88-8F11-85F682B3EE77}"
EndProject
Global
	GlobalSection(SolutionConfigurationPlatforms) = preSolution
		Debug|Any CPU = Debug|Any CPU
		Release|Any CPU = Release|Any CPU
	EndGlobalSection
	GlobalSection(ProjectConfigurationPlatforms) = postSolution
		{CE2103A9-79BD-4BDC-B4A8-DF6DEC5EB185}.Debug|Any CPU.ActiveCfg = Debug|Any CPU
		{CE2103A9-79BD-4BDC-B4A8-DF6DEC5EB185}.Debug|Any CPU.Build.0 = Debug|Any CPU
		{CE2103A9-79BD-4BDC-B4A8-DF6DEC5EB185}.Release|Any CPU.ActiveCfg = Release|Any CPU
		{CE2103A9-79BD-4BDC-B4A8-DF6DEC5EB185}.Release|Any CPU.Build.0 = Release|Any CPU
		{42B51811-5C2C-4AFB-8183-1433DF13E247}.Debug|Any CPU.ActiveCfg = Debug|Any CPU
		{42B51811-5C2C-4AFB-8183-1433DF13E247}.Debug|Any CPU.Build.0 = Debug|Any CPU
		{42B51811-5C2C-4AFB-8183-1433DF13E247}.Release|Any CPU.ActiveCfg = Release|Any CPU
		{42B51811-5C2C-4AFB-8183-1433DF13E247}.Release|Any CPU.Build.0 = Release|Any CPU
		{6C339907-14C6-4B88-8F11-85F682B3EE77}.Debug|Any CPU.ActiveCfg = Debug|Any CPU
		{6C339907-14C6-4B88-8F11-85F682B3EE77}.Debug|Any CPU.Build.0 = Debug|Any CPU
		{6C339907-14C6-4B88-8F11-85F682B3EE77}.Release|Any CPU.ActiveCfg = Release|Any CPU
		{6C339907-14C6-4B88-8F11-85F682B3EE77}.Release|Any CPU.Build.0 = Release|Any CPU
	EndGlobalSection
	GlobalSection(SolutionProperties) = preSolution
		HideSolutionNode = FALSE
	EndGlobalSection
EndGlobal
